
Microsoft Visual Studio Solution File, Format Version 12.00
# Visual Studio Version 16
VisualStudioVersion = 16.0.30907.101
MinimumVisualStudioVersion = 10.0.40219.1
Project("{2150E333-8FDC-42A3-9474-1A3956D46DE8}") = "_", "_", "{B2396DEC-8F46-4479-AEEB-E6513D8BA9AA}"
	ProjectSection(SolutionItems) = preProject
		ReadMe.txt = ReadMe.txt
	EndProjectSection
EndProject
Project("{2150E333-8FDC-42A3-9474-1A3956D46DE8}") = "00", "00", "{657F4BF4-1F1D-4446-8F3F-61C5217D01A6}"
EndProject
Project("{2150E333-8FDC-42A3-9474-1A3956D46DE8}") = "01", "01", "{57922EBB-7AC5-457F-B9B8-7ED49B8F4EFD}"
EndProject
Project("{2150E333-8FDC-42A3-9474-1A3956D46DE8}") = "02", "02", "{0EB5DD99-EDF9-4137-A093-781CB9A0790C}"
EndProject
Project("{2150E333-8FDC-42A3-9474-1A3956D46DE8}") = "03", "03", "{255A4161-DE04-4719-AA74-1C901BEC75B4}"
EndProject
Project("{2150E333-8FDC-42A3-9474-1A3956D46DE8}") = "04", "04", "{764B0B02-4937-47E5-85B4-DF7CB139BEEC}"
EndProject
Project("{2150E333-8FDC-42A3-9474-1A3956D46DE8}") = "05", "05", "{3BE86E10-C9BB-4B44-83AF-7554DE09CA77}"
EndProject
Project("{2150E333-8FDC-42A3-9474-1A3956D46DE8}") = "06", "06", "{EA91A30A-86BA-4350-95FF-E9AF44FE7B87}"
EndProject
Project("{2150E333-8FDC-42A3-9474-1A3956D46DE8}") = "07", "07", "{9AE7588F-BEC8-4C27-8DED-86D9D7F17AC8}"
EndProject
Project("{2150E333-8FDC-42A3-9474-1A3956D46DE8}") = "08", "08", "{D1694502-1633-431A-B68F-3F6CC5D58DF3}"
EndProject
Project("{2150E333-8FDC-42A3-9474-1A3956D46DE8}") = "09", "09", "{F918F82E-F109-4DE6-AA49-10AD75966670}"
EndProject
Project("{2150E333-8FDC-42A3-9474-1A3956D46DE8}") = "10", "10", "{D38053B3-D6FB-4CC3-B9F5-461CC7FA4B08}"
EndProject
Project("{FAE04EC0-301F-11D3-BF4B-00C04F79EFBC}") = "BacanjeIznimke", "BacanjeIznimke\BacanjeIznimke.csproj", "{4980273E-862C-47FE-AB77-78DB5D8400A9}"
EndProject
Project("{FAE04EC0-301F-11D3-BF4B-00C04F79EFBC}") = "ApstrakcijaIznimke", "ApstrakcijaIznimke\ApstrakcijaIznimke.csproj", "{AB634361-B0BA-459E-BEFC-E436FE3AAD28}"
EndProject
Project("{FAE04EC0-301F-11D3-BF4B-00C04F79EFBC}") = "OdvajanjeGlavneLogike", "OdvajanjeGlavneLogike\OdvajanjeGlavneLogike.csproj", "{A4A53F90-7757-43F1-9A2C-9384A8923DAB}"
EndProject
Project("{FAE04EC0-301F-11D3-BF4B-00C04F79EFBC}") = "TijekIzvodjenja", "TijekIzvodjenja\TijekIzvodjenja.csproj", "{1B5E6874-595E-46F7-B6CE-68FB8D18BDB0}"
EndProject
Project("{FAE04EC0-301F-11D3-BF4B-00C04F79EFBC}") = "BacanjeIznimkeUPozvanojMetodi", "BacanjeIznimkeUPozvanojMetodi\BacanjeIznimkeUPozvanojMetodi.csproj", "{4ABA1181-32F9-4055-A059-C8D7DC532975}"
EndProject
Project("{FAE04EC0-301F-11D3-BF4B-00C04F79EFBC}") = "RukovateljNeobrađenihIznimki", "RukovateljNeobradjenihIznimki\RukovateljNeobrađenihIznimki.csproj", "{E8BCC82D-AC90-4094-9EC3-404AB432BAE2}"
EndProject
Project("{FAE04EC0-301F-11D3-BF4B-00C04F79EFBC}") = "EfikasnostIznimke", "EfikasnostIznimke\EfikasnostIznimke.csproj", "{962A8F3E-43FE-4FFD-988C-D04D04A2D480}"
EndProject
Project("{FAE04EC0-301F-11D3-BF4B-00C04F79EFBC}") = "IznimkePerfMon", "IznimkePerfMon\IznimkePerfMon.csproj", "{8BF25252-D40E-45B3-AF97-AC6CFFED45BD}"
EndProject
Project("{FAE04EC0-301F-11D3-BF4B-00C04F79EFBC}") = "IznimkeWinForms", "IznimkeWinForms\IznimkeWinForms.csproj", "{5684583D-50E9-42C0-AC44-F1873ACF93B6}"
EndProject
Project("{FAE04EC0-301F-11D3-BF4B-00C04F79EFBC}") = "Testovi", "Testovi\Testovi.csproj", "{01B8B3C2-CE89-4E3D-82FD-8767CF88626D}"
EndProject
Project("{FAE04EC0-301F-11D3-BF4B-00C04F79EFBC}") = "FilteriIznimki", "FilteriIznimki\FilteriIznimki.csproj", "{C18BA1E0-B283-4341-8220-110C05753EFA}"
EndProject
Project("{FAE04EC0-301F-11D3-BF4B-00C04F79EFBC}") = "VišestrukiBlokoviCatch", "VisestrukiBlokoviCatch\VišestrukiBlokoviCatch.csproj", "{B24968EA-F8A6-4979-9CD6-296DAC9A3B29}"
EndProject
Global
	GlobalSection(SolutionConfigurationPlatforms) = preSolution
		Debug|Any CPU = Debug|Any CPU
		Release|Any CPU = Release|Any CPU
	EndGlobalSection
	GlobalSection(ProjectConfigurationPlatforms) = postSolution
		{4980273E-862C-47FE-AB77-78DB5D8400A9}.Debug|Any CPU.ActiveCfg = Debug|Any CPU
		{4980273E-862C-47FE-AB77-78DB5D8400A9}.Debug|Any CPU.Build.0 = Debug|Any CPU
		{4980273E-862C-47FE-AB77-78DB5D8400A9}.Release|Any CPU.ActiveCfg = Release|Any CPU
		{4980273E-862C-47FE-AB77-78DB5D8400A9}.Release|Any CPU.Build.0 = Release|Any CPU
		{AB634361-B0BA-459E-BEFC-E436FE3AAD28}.Debug|Any CPU.ActiveCfg = Debug|Any CPU
		{AB634361-B0BA-459E-BEFC-E436FE3AAD28}.Debug|Any CPU.Build.0 = Debug|Any CPU
		{AB634361-B0BA-459E-BEFC-E436FE3AAD28}.Release|Any CPU.ActiveCfg = Release|Any CPU
		{AB634361-B0BA-459E-BEFC-E436FE3AAD28}.Release|Any CPU.Build.0 = Release|Any CPU
		{A4A53F90-7757-43F1-9A2C-9384A8923DAB}.Debug|Any CPU.ActiveCfg = Debug|Any CPU
		{A4A53F90-7757-43F1-9A2C-9384A8923DAB}.Debug|Any CPU.Build.0 = Debug|Any CPU
		{A4A53F90-7757-43F1-9A2C-9384A8923DAB}.Release|Any CPU.ActiveCfg = Release|Any CPU
		{A4A53F90-7757-43F1-9A2C-9384A8923DAB}.Release|Any CPU.Build.0 = Release|Any CPU
		{1B5E6874-595E-46F7-B6CE-68FB8D18BDB0}.Debug|Any CPU.ActiveCfg = Debug|Any CPU
		{1B5E6874-595E-46F7-B6CE-68FB8D18BDB0}.Debug|Any CPU.Build.0 = Debug|Any CPU
		{1B5E6874-595E-46F7-B6CE-68FB8D18BDB0}.Release|Any CPU.ActiveCfg = Release|Any CPU
		{1B5E6874-595E-46F7-B6CE-68FB8D18BDB0}.Release|Any CPU.Build.0 = Release|Any CPU
		{4ABA1181-32F9-4055-A059-C8D7DC532975}.Debug|Any CPU.ActiveCfg = Debug|Any CPU
		{4ABA1181-32F9-4055-A059-C8D7DC532975}.Debug|Any CPU.Build.0 = Debug|Any CPU
		{4ABA1181-32F9-4055-A059-C8D7DC532975}.Release|Any CPU.ActiveCfg = Release|Any CPU
		{4ABA1181-32F9-4055-A059-C8D7DC532975}.Release|Any CPU.Build.0 = Release|Any CPU
		{E8BCC82D-AC90-4094-9EC3-404AB432BAE2}.Debug|Any CPU.ActiveCfg = Debug|Any CPU
		{E8BCC82D-AC90-4094-9EC3-404AB432BAE2}.Debug|Any CPU.Build.0 = Debug|Any CPU
		{E8BCC82D-AC90-4094-9EC3-404AB432BAE2}.Release|Any CPU.ActiveCfg = Release|Any CPU
		{E8BCC82D-AC90-4094-9EC3-404AB432BAE2}.Release|Any CPU.Build.0 = Release|Any CPU
		{962A8F3E-43FE-4FFD-988C-D04D04A2D480}.Debug|Any CPU.ActiveCfg = Debug|Any CPU
		{962A8F3E-43FE-4FFD-988C-D04D04A2D480}.Debug|Any CPU.Build.0 = Debug|Any CPU
		{962A8F3E-43FE-4FFD-988C-D04D04A2D480}.Release|Any CPU.ActiveCfg = Release|Any CPU
		{962A8F3E-43FE-4FFD-988C-D04D04A2D480}.Release|Any CPU.Build.0 = Release|Any CPU
		{8BF25252-D40E-45B3-AF97-AC6CFFED45BD}.Debug|Any CPU.ActiveCfg = Debug|Any CPU
		{8BF25252-D40E-45B3-AF97-AC6CFFED45BD}.Debug|Any CPU.Build.0 = Debug|Any CPU
		{8BF25252-D40E-45B3-AF97-AC6CFFED45BD}.Release|Any CPU.ActiveCfg = Release|Any CPU
		{8BF25252-D40E-45B3-AF97-AC6CFFED45BD}.Release|Any CPU.Build.0 = Release|Any CPU
		{5684583D-50E9-42C0-AC44-F1873ACF93B6}.Debug|Any CPU.ActiveCfg = Debug|Any CPU
		{5684583D-50E9-42C0-AC44-F1873ACF93B6}.Debug|Any CPU.Build.0 = Debug|Any CPU
		{5684583D-50E9-42C0-AC44-F1873ACF93B6}.Release|Any CPU.ActiveCfg = Release|Any CPU
		{5684583D-50E9-42C0-AC44-F1873ACF93B6}.Release|Any CPU.Build.0 = Release|Any CPU
		{01B8B3C2-CE89-4E3D-82FD-8767CF88626D}.Debug|Any CPU.ActiveCfg = Debug|Any CPU
		{01B8B3C2-CE89-4E3D-82FD-8767CF88626D}.Debug|Any CPU.Build.0 = Debug|Any CPU
		{01B8B3C2-CE89-4E3D-82FD-8767CF88626D}.Release|Any CPU.ActiveCfg = Release|Any CPU
		{01B8B3C2-CE89-4E3D-82FD-8767CF88626D}.Release|Any CPU.Build.0 = Release|Any CPU
		{C18BA1E0-B283-4341-8220-110C05753EFA}.Debug|Any CPU.ActiveCfg = Debug|Any CPU
		{C18BA1E0-B283-4341-8220-110C05753EFA}.Debug|Any CPU.Build.0 = Debug|Any CPU
		{C18BA1E0-B283-4341-8220-110C05753EFA}.Release|Any CPU.ActiveCfg = Release|Any CPU
		{C18BA1E0-B283-4341-8220-110C05753EFA}.Release|Any CPU.Build.0 = Release|Any CPU
		{B24968EA-F8A6-4979-9CD6-296DAC9A3B29}.Debug|Any CPU.ActiveCfg = Debug|Any CPU
		{B24968EA-F8A6-4979-9CD6-296DAC9A3B29}.Debug|Any CPU.Build.0 = Debug|Any CPU
		{B24968EA-F8A6-4979-9CD6-296DAC9A3B29}.Release|Any CPU.ActiveCfg = Release|Any CPU
		{B24968EA-F8A6-4979-9CD6-296DAC9A3B29}.Release|Any CPU.Build.0 = Release|Any CPU
	EndGlobalSection
	GlobalSection(SolutionProperties) = preSolution
		HideSolutionNode = FALSE
	EndGlobalSection
	GlobalSection(NestedProjects) = preSolution
		{4980273E-862C-47FE-AB77-78DB5D8400A9} = {657F4BF4-1F1D-4446-8F3F-61C5217D01A6}
		{AB634361-B0BA-459E-BEFC-E436FE3AAD28} = {57922EBB-7AC5-457F-B9B8-7ED49B8F4EFD}
		{A4A53F90-7757-43F1-9A2C-9384A8923DAB} = {0EB5DD99-EDF9-4137-A093-781CB9A0790C}
		{1B5E6874-595E-46F7-B6CE-68FB8D18BDB0} = {255A4161-DE04-4719-AA74-1C901BEC75B4}
		{4ABA1181-32F9-4055-A059-C8D7DC532975} = {EA91A30A-86BA-4350-95FF-E9AF44FE7B87}
		{E8BCC82D-AC90-4094-9EC3-404AB432BAE2} = {9AE7588F-BEC8-4C27-8DED-86D9D7F17AC8}
		{962A8F3E-43FE-4FFD-988C-D04D04A2D480} = {F918F82E-F109-4DE6-AA49-10AD75966670}
		{8BF25252-D40E-45B3-AF97-AC6CFFED45BD} = {D38053B3-D6FB-4CC3-B9F5-461CC7FA4B08}
		{5684583D-50E9-42C0-AC44-F1873ACF93B6} = {D1694502-1633-431A-B68F-3F6CC5D58DF3}
		{C18BA1E0-B283-4341-8220-110C05753EFA} = {3BE86E10-C9BB-4B44-83AF-7554DE09CA77}
		{B24968EA-F8A6-4979-9CD6-296DAC9A3B29} = {764B0B02-4937-47E5-85B4-DF7CB139BEEC}
	EndGlobalSection
	GlobalSection(ExtensibilityGlobals) = postSolution
		SolutionGuid = {7D71CD4E-35EF-40C4-9CAA-0E4D84B6E788}
	EndGlobalSection
EndGlobal
