
Microsoft Visual Studio Solution File, Format Version 12.00
# Visual Studio Version 17
VisualStudioVersion = 17.4.33213.308
MinimumVisualStudioVersion = 10.0.40219.1
Project("{2150E333-8FDC-42A3-9474-1A3956D46DE8}") = "_", "_", "{B2396DEC-8F46-4479-AEEB-E6513D8BA9AA}"
	ProjectSection(SolutionItems) = preProject
		ReadMe.txt = ReadMe.txt
	EndProjectSection
EndProject
Project("{2150E333-8FDC-42A3-9474-1A3956D46DE8}") = "00", "00", "{657F4BF4-1F1D-4446-8F3F-61C5217D01A6}"
EndProject
Project("{2150E333-8FDC-42A3-9474-1A3956D46DE8}") = "01", "01", "{57922EBB-7AC5-457F-B9B8-7ED49B8F4EFD}"
EndProject
Project("{2150E333-8FDC-42A3-9474-1A3956D46DE8}") = "02", "02", "{0EB5DD99-EDF9-4137-A093-781CB9A0790C}"
EndProject
Project("{2150E333-8FDC-42A3-9474-1A3956D46DE8}") = "03", "03", "{255A4161-DE04-4719-AA74-1C901BEC75B4}"
EndProject
Project("{2150E333-8FDC-42A3-9474-1A3956D46DE8}") = "04", "04", "{764B0B02-4937-47E5-85B4-DF7CB139BEEC}"
EndProject
Project("{2150E333-8FDC-42A3-9474-1A3956D46DE8}") = "05", "05", "{3BE86E10-C9BB-4B44-83AF-7554DE09CA77}"
EndProject
Project("{2150E333-8FDC-42A3-9474-1A3956D46DE8}") = "06", "06", "{EA91A30A-86BA-4350-95FF-E9AF44FE7B87}"
EndProject
Project("{2150E333-8FDC-42A3-9474-1A3956D46DE8}") = "07", "07", "{9AE7588F-BEC8-4C27-8DED-86D9D7F17AC8}"
EndProject
Project("{2150E333-8FDC-42A3-9474-1A3956D46DE8}") = "09", "09", "{D1694502-1633-431A-B68F-3F6CC5D58DF3}"
EndProject
Project("{2150E333-8FDC-42A3-9474-1A3956D46DE8}") = "10", "10", "{F918F82E-F109-4DE6-AA49-10AD75966670}"
EndProject
Project("{2150E333-8FDC-42A3-9474-1A3956D46DE8}") = "11", "11", "{D38053B3-D6FB-4CC3-B9F5-461CC7FA4B08}"
EndProject
Project("{2150E333-8FDC-42A3-9474-1A3956D46DE8}") = "08", "08", "{50532BAE-41AA-420E-8936-5AE2914A3D7E}"
EndProject
Project("{FAE04EC0-301F-11D3-BF4B-00C04F79EFBC}") = "BacanjeIznimke", "BacanjeIznimke\BacanjeIznimke.csproj", "{A0A6DC31-B262-4701-8B4C-244A3F5050A4}"
EndProject
Project("{FAE04EC0-301F-11D3-BF4B-00C04F79EFBC}") = "ApstrakcijaIznimke", "ApstrakcijaIznimke\ApstrakcijaIznimke.csproj", "{E4AFC24C-6322-4739-9B82-4D35EAB9F22E}"
EndProject
Project("{FAE04EC0-301F-11D3-BF4B-00C04F79EFBC}") = "OdvajanjeGlavneLogike", "OdvajanjeGlavneLogike\OdvajanjeGlavneLogike.csproj", "{A40502EC-BAEB-4B1E-A885-A0975465CA24}"
EndProject
Project("{FAE04EC0-301F-11D3-BF4B-00C04F79EFBC}") = "TijekIzvođenja", "TijekIzvodjenja\TijekIzvođenja.csproj", "{E88C769D-3186-45DE-A1C7-3D3F18E50497}"
EndProject
Project("{FAE04EC0-301F-11D3-BF4B-00C04F79EFBC}") = "VišestrukiBlokoviCatch", "VisestrukiBlokoviCatch\VišestrukiBlokoviCatch.csproj", "{CF2AEE20-49BB-422B-8C40-7BCC036B31B1}"
EndProject
Project("{FAE04EC0-301F-11D3-BF4B-00C04F79EFBC}") = "FiltriIznimki", "FiltriIznimki\FiltriIznimki.csproj", "{4EA38B63-7568-4C2A-A552-DDD5A6699CDA}"
EndProject
Project("{FAE04EC0-301F-11D3-BF4B-00C04F79EFBC}") = "BacanjeIznimkeUPozvanojMetodi", "BacanjeIznimkeUPozvanojMetodi\BacanjeIznimkeUPozvanojMetodi.csproj", "{E319723B-C70A-4E46-B31B-ABF4EF083255}"
EndProject
Project("{FAE04EC0-301F-11D3-BF4B-00C04F79EFBC}") = "RukovateljNeobrađenihIznimki", "RukovateljNeobradjenihIznimki\RukovateljNeobrađenihIznimki.csproj", "{38C8F2E7-EB69-4AE0-A4DA-A4B4BBC47145}"
EndProject
Project("{FAE04EC0-301F-11D3-BF4B-00C04F79EFBC}") = "KritičneIznimke", "KriticneIznimke\KritičneIznimke.csproj", "{CC5EAD48-D746-498A-99DF-A8C2B4C44611}"
EndProject
Project("{FAE04EC0-301F-11D3-BF4B-00C04F79EFBC}") = "IznimkeWinForms", "IznimkeWinForms\IznimkeWinForms.csproj", "{83858166-8812-49DC-9F2E-05D1095FF64E}"
EndProject
Project("{FAE04EC0-301F-11D3-BF4B-00C04F79EFBC}") = "EfikasnostIznimke", "EfikasnostIznimke\EfikasnostIznimke.csproj", "{EC2DA7B3-69AD-45E3-B21A-6A9C02714614}"
EndProject
Project("{FAE04EC0-301F-11D3-BF4B-00C04F79EFBC}") = "PraćenjeIznimkiPerfMonitorom", "PracenjeIznimkiPerfMonitorom\PraćenjeIznimkiPerfMonitorom.csproj", "{A2628EFA-A865-4248-8CF1-B73D3025A566}"
EndProject
Project("{FAE04EC0-301F-11D3-BF4B-00C04F79EFBC}") = "Testovi", "Testovi\Testovi.csproj", "{5A934B23-7CB9-4478-A4B6-F0F29D77229F}"
EndProject
Global
	GlobalSection(SolutionConfigurationPlatforms) = preSolution
		Debug|Any CPU = Debug|Any CPU
		Release|Any CPU = Release|Any CPU
	EndGlobalSection
	GlobalSection(ProjectConfigurationPlatforms) = postSolution
		{A0A6DC31-B262-4701-8B4C-244A3F5050A4}.Debug|Any CPU.ActiveCfg = Debug|Any CPU
		{A0A6DC31-B262-4701-8B4C-244A3F5050A4}.Debug|Any CPU.Build.0 = Debug|Any CPU
		{A0A6DC31-B262-4701-8B4C-244A3F5050A4}.Release|Any CPU.ActiveCfg = Release|Any CPU
		{A0A6DC31-B262-4701-8B4C-244A3F5050A4}.Release|Any CPU.Build.0 = Release|Any CPU
		{E4AFC24C-6322-4739-9B82-4D35EAB9F22E}.Debug|Any CPU.ActiveCfg = Debug|Any CPU
		{E4AFC24C-6322-4739-9B82-4D35EAB9F22E}.Debug|Any CPU.Build.0 = Debug|Any CPU
		{E4AFC24C-6322-4739-9B82-4D35EAB9F22E}.Release|Any CPU.ActiveCfg = Release|Any CPU
		{E4AFC24C-6322-4739-9B82-4D35EAB9F22E}.Release|Any CPU.Build.0 = Release|Any CPU
		{A40502EC-BAEB-4B1E-A885-A0975465CA24}.Debug|Any CPU.ActiveCfg = Debug|Any CPU
		{A40502EC-BAEB-4B1E-A885-A0975465CA24}.Debug|Any CPU.Build.0 = Debug|Any CPU
		{A40502EC-BAEB-4B1E-A885-A0975465CA24}.Release|Any CPU.ActiveCfg = Release|Any CPU
		{A40502EC-BAEB-4B1E-A885-A0975465CA24}.Release|Any CPU.Build.0 = Release|Any CPU
		{E88C769D-3186-45DE-A1C7-3D3F18E50497}.Debug|Any CPU.ActiveCfg = Debug|Any CPU
		{E88C769D-3186-45DE-A1C7-3D3F18E50497}.Debug|Any CPU.Build.0 = Debug|Any CPU
		{E88C769D-3186-45DE-A1C7-3D3F18E50497}.Release|Any CPU.ActiveCfg = Release|Any CPU
		{E88C769D-3186-45DE-A1C7-3D3F18E50497}.Release|Any CPU.Build.0 = Release|Any CPU
		{CF2AEE20-49BB-422B-8C40-7BCC036B31B1}.Debug|Any CPU.ActiveCfg = Debug|Any CPU
		{CF2AEE20-49BB-422B-8C40-7BCC036B31B1}.Debug|Any CPU.Build.0 = Debug|Any CPU
		{CF2AEE20-49BB-422B-8C40-7BCC036B31B1}.Release|Any CPU.ActiveCfg = Release|Any CPU
		{CF2AEE20-49BB-422B-8C40-7BCC036B31B1}.Release|Any CPU.Build.0 = Release|Any CPU
		{4EA38B63-7568-4C2A-A552-DDD5A6699CDA}.Debug|Any CPU.ActiveCfg = Debug|Any CPU
		{4EA38B63-7568-4C2A-A552-DDD5A6699CDA}.Debug|Any CPU.Build.0 = Debug|Any CPU
		{4EA38B63-7568-4C2A-A552-DDD5A6699CDA}.Release|Any CPU.ActiveCfg = Release|Any CPU
		{4EA38B63-7568-4C2A-A552-DDD5A6699CDA}.Release|Any CPU.Build.0 = Release|Any CPU
		{E319723B-C70A-4E46-B31B-ABF4EF083255}.Debug|Any CPU.ActiveCfg = Debug|Any CPU
		{E319723B-C70A-4E46-B31B-ABF4EF083255}.Debug|Any CPU.Build.0 = Debug|Any CPU
		{E319723B-C70A-4E46-B31B-ABF4EF083255}.Release|Any CPU.ActiveCfg = Release|Any CPU
		{E319723B-C70A-4E46-B31B-ABF4EF083255}.Release|Any CPU.Build.0 = Release|Any CPU
		{38C8F2E7-EB69-4AE0-A4DA-A4B4BBC47145}.Debug|Any CPU.ActiveCfg = Debug|Any CPU
		{38C8F2E7-EB69-4AE0-A4DA-A4B4BBC47145}.Debug|Any CPU.Build.0 = Debug|Any CPU
		{38C8F2E7-EB69-4AE0-A4DA-A4B4BBC47145}.Release|Any CPU.ActiveCfg = Release|Any CPU
		{38C8F2E7-EB69-4AE0-A4DA-A4B4BBC47145}.Release|Any CPU.Build.0 = Release|Any CPU
		{CC5EAD48-D746-498A-99DF-A8C2B4C44611}.Debug|Any CPU.ActiveCfg = Debug|Any CPU
		{CC5EAD48-D746-498A-99DF-A8C2B4C44611}.Debug|Any CPU.Build.0 = Debug|Any CPU
		{CC5EAD48-D746-498A-99DF-A8C2B4C44611}.Release|Any CPU.ActiveCfg = Release|Any CPU
		{CC5EAD48-D746-498A-99DF-A8C2B4C44611}.Release|Any CPU.Build.0 = Release|Any CPU
		{83858166-8812-49DC-9F2E-05D1095FF64E}.Debug|Any CPU.ActiveCfg = Debug|Any CPU
		{83858166-8812-49DC-9F2E-05D1095FF64E}.Debug|Any CPU.Build.0 = Debug|Any CPU
		{83858166-8812-49DC-9F2E-05D1095FF64E}.Release|Any CPU.ActiveCfg = Release|Any CPU
		{83858166-8812-49DC-9F2E-05D1095FF64E}.Release|Any CPU.Build.0 = Release|Any CPU
		{EC2DA7B3-69AD-45E3-B21A-6A9C02714614}.Debug|Any CPU.ActiveCfg = Debug|Any CPU
		{EC2DA7B3-69AD-45E3-B21A-6A9C02714614}.Debug|Any CPU.Build.0 = Debug|Any CPU
		{EC2DA7B3-69AD-45E3-B21A-6A9C02714614}.Release|Any CPU.ActiveCfg = Release|Any CPU
		{EC2DA7B3-69AD-45E3-B21A-6A9C02714614}.Release|Any CPU.Build.0 = Release|Any CPU
		{A2628EFA-A865-4248-8CF1-B73D3025A566}.Debug|Any CPU.ActiveCfg = Debug|Any CPU
		{A2628EFA-A865-4248-8CF1-B73D3025A566}.Debug|Any CPU.Build.0 = Debug|Any CPU
		{A2628EFA-A865-4248-8CF1-B73D3025A566}.Release|Any CPU.ActiveCfg = Release|Any CPU
		{A2628EFA-A865-4248-8CF1-B73D3025A566}.Release|Any CPU.Build.0 = Release|Any CPU
		{5A934B23-7CB9-4478-A4B6-F0F29D77229F}.Debug|Any CPU.ActiveCfg = Debug|Any CPU
		{5A934B23-7CB9-4478-A4B6-F0F29D77229F}.Debug|Any CPU.Build.0 = Debug|Any CPU
		{5A934B23-7CB9-4478-A4B6-F0F29D77229F}.Release|Any CPU.ActiveCfg = Release|Any CPU
		{5A934B23-7CB9-4478-A4B6-F0F29D77229F}.Release|Any CPU.Build.0 = Release|Any CPU
	EndGlobalSection
	GlobalSection(SolutionProperties) = preSolution
		HideSolutionNode = FALSE
	EndGlobalSection
	GlobalSection(NestedProjects) = preSolution
		{A0A6DC31-B262-4701-8B4C-244A3F5050A4} = {657F4BF4-1F1D-4446-8F3F-61C5217D01A6}
		{E4AFC24C-6322-4739-9B82-4D35EAB9F22E} = {57922EBB-7AC5-457F-B9B8-7ED49B8F4EFD}
		{A40502EC-BAEB-4B1E-A885-A0975465CA24} = {0EB5DD99-EDF9-4137-A093-781CB9A0790C}
		{E88C769D-3186-45DE-A1C7-3D3F18E50497} = {255A4161-DE04-4719-AA74-1C901BEC75B4}
		{CF2AEE20-49BB-422B-8C40-7BCC036B31B1} = {764B0B02-4937-47E5-85B4-DF7CB139BEEC}
		{4EA38B63-7568-4C2A-A552-DDD5A6699CDA} = {3BE86E10-C9BB-4B44-83AF-7554DE09CA77}
		{E319723B-C70A-4E46-B31B-ABF4EF083255} = {EA91A30A-86BA-4350-95FF-E9AF44FE7B87}
		{38C8F2E7-EB69-4AE0-A4DA-A4B4BBC47145} = {9AE7588F-BEC8-4C27-8DED-86D9D7F17AC8}
		{CC5EAD48-D746-498A-99DF-A8C2B4C44611} = {50532BAE-41AA-420E-8936-5AE2914A3D7E}
		{83858166-8812-49DC-9F2E-05D1095FF64E} = {D1694502-1633-431A-B68F-3F6CC5D58DF3}
		{EC2DA7B3-69AD-45E3-B21A-6A9C02714614} = {F918F82E-F109-4DE6-AA49-10AD75966670}
		{A2628EFA-A865-4248-8CF1-B73D3025A566} = {D38053B3-D6FB-4CC3-B9F5-461CC7FA4B08}
	EndGlobalSection
	GlobalSection(ExtensibilityGlobals) = postSolution
		SolutionGuid = {7D71CD4E-35EF-40C4-9CAA-0E4D84B6E788}
	EndGlobalSection
EndGlobal
